
Microsoft Visual Studio Solution File, Format Version 12.00
# Visual Studio Version 17
VisualStudioVersion = 17.5.002.0
MinimumVisualStudioVersion = 10.0.40219.1
Project("{9A19103F-16F7-4668-BE54-9A1E7A4F7556}") = "francesco.priori.5h.prenota", "francesco.priori.5h.prenota.csproj", "{66B3167C-D393-4E99-9D26-3116C5F4BE2A}"
EndProject
Global
	GlobalSection(SolutionConfigurationPlatforms) = preSolution
		Debug|Any CPU = Debug|Any CPU
		Release|Any CPU = Release|Any CPU
	EndGlobalSection
	GlobalSection(ProjectConfigurationPlatforms) = postSolution
		{66B3167C-D393-4E99-9D26-3116C5F4BE2A}.Debug|Any CPU.ActiveCfg = Debug|Any CPU
		{66B3167C-D393-4E99-9D26-3116C5F4BE2A}.Debug|Any CPU.Build.0 = Debug|Any CPU
		{66B3167C-D393-4E99-9D26-3116C5F4BE2A}.Release|Any CPU.ActiveCfg = Release|Any CPU
		{66B3167C-D393-4E99-9D26-3116C5F4BE2A}.Release|Any CPU.Build.0 = Release|Any CPU
	EndGlobalSection
	GlobalSection(SolutionProperties) = preSolution
		HideSolutionNode = FALSE
	EndGlobalSection
	GlobalSection(ExtensibilityGlobals) = postSolution
		SolutionGuid = {31744AAA-84BE-470C-8D5E-728EB81FA5A6}
	EndGlobalSection
EndGlobal
